github.com/google/btree v1.1.2 h1:xf4v41cLI2Z6FxbKm+8Bu+m8ifhj15JuZ9sa0jZCMUU=
github.com/google/btree v1.1.2/go.mod h1:qOPhT0dTNdNzV6Z/lhRX0YXUafgPLFUh+gZMl761Gm4=
golang.org/x/exp v0.0.0-20231110203233-9a3e6036ecaa h1:FRnLl4eNAQl8hwxVVC17teOw8kdjVDVAiFMtgUdTSRQ=
golang.org/x/exp v0.0.0-20231110203233-9a3e6036ecaa/go.mod h1:zk2irFbV9DP96SEBUUAy67IdHUaZuSnrz1n472HUCLE=
golang.org/x/sys v0.32.0 h1:s77OFDvIQeibCmezSnk/q6iAfkdiQaJi4VzroCFrN20=
golang.org/x/sys v0.32.0/go.mod h1:BJP2sWEmIv4KK5OTEluFJCKSidICx8ciO85XgH3Ak8k=
golang.org/x/sys v0.36.0 h1:KVRy2GtZBrk1cBYA7MKu5bEZFxQk4NIDV6RLVcC8o0k=
golang.org/x/sys v0.36.0/go.mod h1:OgkHotnGiDImocRcuBABYBEXf8A9a87e/uXjp9XT3ks=
golang.org/x/time v0.7.0 h1:ntUhktv3OPE6TgYxXWv9vKvUSJyIFJlyohwbkEwPrKQ=
golang.org/x/time v0.7.0/go.mod h1:3BpzKBy/shNhVucY/MWOyx10tF3SFh9QdLuxbVysPQM=
golang.org/x/time v0.12.0 h1:ScB/8o8olJvc+CQPWrK3fPZNfh7qgwCrY0zJmoEQLSE=
golang.org/x/time v0.12.0/go.mod h1:CDIdPxbZBQxdj6cxyCIdrNogrJKMJ7pr37NYpMcMDSg=
gvisor.dev/gvisor v0.0.0-20250503011706-39ed1f5ac29c h1:m/r7OM+Y2Ty1sgBQ7Qb27VgIMBW8ZZhT4gLnUyDIhzI=
gvisor.dev/gvisor v0.0.0-20250503011706-39ed1f5ac29c/go.mod h1:3r5CMtNQMKIvBlrmM9xWUNamjKBYPOWyXOjmg5Kts3g=
gvisor.dev/gvisor v0.0.0-20260403210621-0f29b0e1e7fa h1:Z4saHULc6jY4qdrpzLGY/7mOxsQ5Gx0pnHh8HWIyMWE=
gvisor.dev/gvisor v0.0.0-20260403210621-0f29b0e1e7fa/go.mod h1:xQ2PWgHmWJA/Ph4i1q1jBm39BKhc3W0DXqWoDSyuBOY=
gvisor.dev/gvisor v0.0.0-20260508184535-07ebf7a12283 h1:MuF/J2nWTM578gL0TvVGGa/o+u/0jRBnBkBd8hn3XmI=
gvisor.dev/gvisor v0.0.0-20260508184535-07ebf7a12283/go.mod h1:H7Z1+pIiWtrfrUgn5jL84HRosNjKmBFugGDriorlDFQ=
gvisor.dev/gvisor v0.0.0-20260509025911-8c9871efe45a h1:MBY5Aw9pLvTVgCBUfAbmSGPtZYFGtSc+madyKRWrvQ4=
gvisor.dev/gvisor v0.0.0-20260509025911-8c9871efe45a/go.mod h1:H7Z1+pIiWtrfrUgn5jL84HRosNjKmBFugGDriorlDFQ=
